
Microsoft Visual Studio Solution File, Format Version 12.00
# Visual Studio Version 16
VisualStudioVersion = 16.0.31105.61
MinimumVisualStudioVersion = 10.0.40219.1
Project("{FAE04EC0-301F-11D3-BF4B-00C04F79EFBC}") = "ProductService", "ProductService\ProductService.csproj", "{11673B57-6ACD-4670-9B4A-33160ACE9A52}"
EndProject
Project("{FAE04EC0-301F-11D3-BF4B-00C04F79EFBC}") = "OrderService", "OrderService\OrderService.csproj", "{44078DD5-92BC-4439-AEC5-2C2ECEC338D5}"
EndProject
Project("{FAE04EC0-301F-11D3-BF4B-00C04F79EFBC}") = "ApiGateWay", "ApiGateWay\ApiGateWay.csproj", "{BC192812-6A52-4367-A2B4-4D10EDCDE66D}"
EndProject
Global
	GlobalSection(SolutionConfigurationPlatforms) = preSolution
		Debug|Any CPU = Debug|Any CPU
		Release|Any CPU = Release|Any CPU
	EndGlobalSection
	GlobalSection(ProjectConfigurationPlatforms) = postSolution
		{11673B57-6ACD-4670-9B4A-33160ACE9A52}.Debug|Any CPU.ActiveCfg = Debug|Any CPU
		{11673B57-6ACD-4670-9B4A-33160ACE9A52}.Debug|Any CPU.Build.0 = Debug|Any CPU
		{11673B57-6ACD-4670-9B4A-33160ACE9A52}.Release|Any CPU.ActiveCfg = Release|Any CPU
		{11673B57-6ACD-4670-9B4A-33160ACE9A52}.Release|Any CPU.Build.0 = Release|Any CPU
		{44078DD5-92BC-4439-AEC5-2C2ECEC338D5}.Debug|Any CPU.ActiveCfg = Debug|Any CPU
		{44078DD5-92BC-4439-AEC5-2C2ECEC338D5}.Debug|Any CPU.Build.0 = Debug|Any CPU
		{44078DD5-92BC-4439-AEC5-2C2ECEC338D5}.Release|Any CPU.ActiveCfg = Release|Any CPU
		{44078DD5-92BC-4439-AEC5-2C2ECEC338D5}.Release|Any CPU.Build.0 = Release|Any CPU
		{BC192812-6A52-4367-A2B4-4D10EDCDE66D}.Debug|Any CPU.ActiveCfg = Debug|Any CPU
		{BC192812-6A52-4367-A2B4-4D10EDCDE66D}.Debug|Any CPU.Build.0 = Debug|Any CPU
		{BC192812-6A52-4367-A2B4-4D10EDCDE66D}.Release|Any CPU.ActiveCfg = Release|Any CPU
		{BC192812-6A52-4367-A2B4-4D10EDCDE66D}.Release|Any CPU.Build.0 = Release|Any CPU
	EndGlobalSection
	GlobalSection(SolutionProperties) = preSolution
		HideSolutionNode = FALSE
	EndGlobalSection
	GlobalSection(ExtensibilityGlobals) = postSolution
		SolutionGuid = {B3B7507A-227C-4401-A0B4-E75D024ADB35}
	EndGlobalSection
EndGlobal
